
Microsoft Visual Studio Solution File, Format Version 12.00
# Visual Studio 15
VisualStudioVersion = 15.0.26730.16
MinimumVisualStudioVersion = 10.0.40219.1
Project("{FAE04EC0-301F-11D3-BF4B-00C04F79EFBC}") = "SolutionRenameUtility", "SolutionRenameUtility\SolutionRenameUtility.csproj", "{91ADE3FA-226B-489C-AA46-F118680D464B}"
EndProject
Global
	GlobalSection(SolutionConfigurationPlatforms) = preSolution
		Debug|Any CPU = Debug|Any CPU
		Release|Any CPU = Release|Any CPU
	EndGlobalSection
	GlobalSection(ProjectConfigurationPlatforms) = postSolution
		{91ADE3FA-226B-489C-AA46-F118680D464B}.Debug|Any CPU.ActiveCfg = Debug|Any CPU
		{91ADE3FA-226B-489C-AA46-F118680D464B}.Debug|Any CPU.Build.0 = Debug|Any CPU
		{91ADE3FA-226B-489C-AA46-F118680D464B}.Release|Any CPU.ActiveCfg = Release|Any CPU
		{91ADE3FA-226B-489C-AA46-F118680D464B}.Release|Any CPU.Build.0 = Release|Any CPU
	EndGlobalSection
	GlobalSection(SolutionProperties) = preSolution
		HideSolutionNode = FALSE
	EndGlobalSection
	GlobalSection(ExtensibilityGlobals) = postSolution
		SolutionGuid = {F04FA704-FB68-4478-B2B5-5C919710FFA2}
	EndGlobalSection
EndGlobal
